
Microsoft Visual Studio Solution File, Format Version 12.00
# Visual Studio 15
Project("{FAE04EC0-301F-11D3-BF4B-00C04F79EFBC}") = "KoP.Plugins", "KoP.Plugins.csproj", "{F5635590-69B3-ED0C-536A-9AB537E95194}"
EndProject
Project("{FAE04EC0-301F-11D3-BF4B-00C04F79EFBC}") = "KoP", "KoP.csproj", "{6E454C54-F1F4-9618-4A18-E195B5E5B59D}"
EndProject
Project("{FAE04EC0-301F-11D3-BF4B-00C04F79EFBC}") = "KoP.Editor.Plugins", "KoP.Editor.Plugins.csproj", "{C65685E3-9B3A-51ED-DDD1-DF7048FA0F40}"
EndProject
Project("{FAE04EC0-301F-11D3-BF4B-00C04F79EFBC}") = "KoP.Editor", "KoP.Editor.csproj", "{8F3E6D45-661F-D4F4-2F12-653335F9EDE1}"
EndProject
Global
	GlobalSection(SolutionConfigurationPlatforms) = preSolution
		Debug|Any CPU = Debug|Any CPU
		Release|Any CPU = Release|Any CPU
	EndGlobalSection
	GlobalSection(ProjectConfigurationPlatforms) = postSolution
		{F5635590-69B3-ED0C-536A-9AB537E95194}.Debug|Any CPU.ActiveCfg = Debug|Any CPU
		{F5635590-69B3-ED0C-536A-9AB537E95194}.Debug|Any CPU.Build.0 = Debug|Any CPU
		{F5635590-69B3-ED0C-536A-9AB537E95194}.Release|Any CPU.ActiveCfg = Release|Any CPU
		{F5635590-69B3-ED0C-536A-9AB537E95194}.Release|Any CPU.Build.0 = Release|Any CPU
		{6E454C54-F1F4-9618-4A18-E195B5E5B59D}.Debug|Any CPU.ActiveCfg = Debug|Any CPU
		{6E454C54-F1F4-9618-4A18-E195B5E5B59D}.Debug|Any CPU.Build.0 = Debug|Any CPU
		{6E454C54-F1F4-9618-4A18-E195B5E5B59D}.Release|Any CPU.ActiveCfg = Release|Any CPU
		{6E454C54-F1F4-9618-4A18-E195B5E5B59D}.Release|Any CPU.Build.0 = Release|Any CPU
		{C65685E3-9B3A-51ED-DDD1-DF7048FA0F40}.Debug|Any CPU.ActiveCfg = Debug|Any CPU
		{C65685E3-9B3A-51ED-DDD1-DF7048FA0F40}.Debug|Any CPU.Build.0 = Debug|Any CPU
		{C65685E3-9B3A-51ED-DDD1-DF7048FA0F40}.Release|Any CPU.ActiveCfg = Release|Any CPU
		{C65685E3-9B3A-51ED-DDD1-DF7048FA0F40}.Release|Any CPU.Build.0 = Release|Any CPU
		{8F3E6D45-661F-D4F4-2F12-653335F9EDE1}.Debug|Any CPU.ActiveCfg = Debug|Any CPU
		{8F3E6D45-661F-D4F4-2F12-653335F9EDE1}.Debug|Any CPU.Build.0 = Debug|Any CPU
		{8F3E6D45-661F-D4F4-2F12-653335F9EDE1}.Release|Any CPU.ActiveCfg = Release|Any CPU
		{8F3E6D45-661F-D4F4-2F12-653335F9EDE1}.Release|Any CPU.Build.0 = Release|Any CPU
	EndGlobalSection
	GlobalSection(SolutionProperties) = preSolution
		HideSolutionNode = FALSE
	EndGlobalSection
EndGlobal
